
Microsoft Visual Studio Solution File, Format Version 12.00
# Visual Studio Version 17
VisualStudioVersion = 17.13.35931.197 d17.13
MinimumVisualStudioVersion = 10.0.40219.1
Project("{FAE04EC0-301F-11D3-BF4B-00C04F79EFBC}") = "Yummy.WebApi", "Yummy.WebApi\Yummy.WebApi.csproj", "{DC054AEB-AD16-43C7-8F1C-ECDE252F7425}"
EndProject
Global
	GlobalSection(SolutionConfigurationPlatforms) = preSolution
		Debug|Any CPU = Debug|Any CPU
		Release|Any CPU = Release|Any CPU
	EndGlobalSection
	GlobalSection(ProjectConfigurationPlatforms) = postSolution
		{DC054AEB-AD16-43C7-8F1C-ECDE252F7425}.Debug|Any CPU.ActiveCfg = Debug|Any CPU
		{DC054AEB-AD16-43C7-8F1C-ECDE252F7425}.Debug|Any CPU.Build.0 = Debug|Any CPU
		{DC054AEB-AD16-43C7-8F1C-ECDE252F7425}.Release|Any CPU.ActiveCfg = Release|Any CPU
		{DC054AEB-AD16-43C7-8F1C-ECDE252F7425}.Release|Any CPU.Build.0 = Release|Any CPU
	EndGlobalSection
	GlobalSection(SolutionProperties) = preSolution
		HideSolutionNode = FALSE
	EndGlobalSection
	GlobalSection(ExtensibilityGlobals) = postSolution
		SolutionGuid = {D9D2866B-CB70-4CCF-96A4-477557BF3F3D}
	EndGlobalSection
EndGlobal
